
Microsoft Visual Studio Solution File, Format Version 12.00
# Visual Studio Version 16
VisualStudioVersion = 16.0.30204.135
MinimumVisualStudioVersion = 10.0.40219.1
Project("{9A19103F-16F7-4668-BE54-9A1E7A4F7556}") = "LogParser", "LogParser.csproj", "{A59F3612-3BCB-4448-BD02-2C4D3F24732A}"
EndProject
Project("{FAE04EC0-301F-11D3-BF4B-00C04F79EFBC}") = "Utilities", "..\Utilities\Utilities.csproj", "{FF10B0DB-3A73-4BC0-843B-12230B2AB12C}"
EndProject
Global
	GlobalSection(SolutionConfigurationPlatforms) = preSolution
		Debug|Any CPU = Debug|Any CPU
		Release|Any CPU = Release|Any CPU
	EndGlobalSection
	GlobalSection(ProjectConfigurationPlatforms) = postSolution
		{A59F3612-3BCB-4448-BD02-2C4D3F24732A}.Debug|Any CPU.ActiveCfg = Debug|Any CPU
		{A59F3612-3BCB-4448-BD02-2C4D3F24732A}.Debug|Any CPU.Build.0 = Debug|Any CPU
		{A59F3612-3BCB-4448-BD02-2C4D3F24732A}.Release|Any CPU.ActiveCfg = Release|Any CPU
		{A59F3612-3BCB-4448-BD02-2C4D3F24732A}.Release|Any CPU.Build.0 = Release|Any CPU
		{FF10B0DB-3A73-4BC0-843B-12230B2AB12C}.Debug|Any CPU.ActiveCfg = Debug|Any CPU
		{FF10B0DB-3A73-4BC0-843B-12230B2AB12C}.Debug|Any CPU.Build.0 = Debug|Any CPU
		{FF10B0DB-3A73-4BC0-843B-12230B2AB12C}.Release|Any CPU.ActiveCfg = Release|Any CPU
		{FF10B0DB-3A73-4BC0-843B-12230B2AB12C}.Release|Any CPU.Build.0 = Release|Any CPU
	EndGlobalSection
	GlobalSection(SolutionProperties) = preSolution
		HideSolutionNode = FALSE
	EndGlobalSection
	GlobalSection(ExtensibilityGlobals) = postSolution
		SolutionGuid = {44EFF26F-6682-4EA8-942E-F1DE12AE171D}
	EndGlobalSection
EndGlobal
