
Microsoft Visual Studio Solution File, Format Version 12.00
# Visual Studio Version 16
VisualStudioVersion = 16.0.30204.135
MinimumVisualStudioVersion = 10.0.40219.1
Project("{FAE04EC0-301F-11D3-BF4B-00C04F79EFBC}") = "LogParser", "LogParser.csproj", "{77CA3118-E6B4-4005-967B-724B6FEE0362}"
EndProject
Global
	GlobalSection(SolutionConfigurationPlatforms) = preSolution
		Debug|Any CPU = Debug|Any CPU
		Release|Any CPU = Release|Any CPU
	EndGlobalSection
	GlobalSection(ProjectConfigurationPlatforms) = postSolution
		{77CA3118-E6B4-4005-967B-724B6FEE0362}.Debug|Any CPU.ActiveCfg = Debug|Any CPU
		{77CA3118-E6B4-4005-967B-724B6FEE0362}.Debug|Any CPU.Build.0 = Debug|Any CPU
		{77CA3118-E6B4-4005-967B-724B6FEE0362}.Release|Any CPU.ActiveCfg = Release|Any CPU
		{77CA3118-E6B4-4005-967B-724B6FEE0362}.Release|Any CPU.Build.0 = Release|Any CPU
	EndGlobalSection
	GlobalSection(SolutionProperties) = preSolution
		HideSolutionNode = FALSE
	EndGlobalSection
	GlobalSection(ExtensibilityGlobals) = postSolution
		SolutionGuid = {3324FA3A-539E-4967-AE63-22A14AC3C933}
	EndGlobalSection
EndGlobal
